
Microsoft Visual Studio Solution File, Format Version 12.00
# Visual Studio Version 16
VisualStudioVersion = 16.0.29001.49
MinimumVisualStudioVersion = 10.0.40219.1
Project("{FAE04EC0-301F-11D3-BF4B-00C04F79EFBC}") = "MarwanWeb", "MarwanWeb.csproj", "{2EB54D0D-EF4C-4D29-AA3B-2C2C984A3AF7}"
EndProject
Global
	GlobalSection(SolutionConfigurationPlatforms) = preSolution
		Debug|Any CPU = Debug|Any CPU
		Release|Any CPU = Release|Any CPU
	EndGlobalSection
	GlobalSection(ProjectConfigurationPlatforms) = postSolution
		{2EB54D0D-EF4C-4D29-AA3B-2C2C984A3AF7}.Debug|Any CPU.ActiveCfg = Debug|Any CPU
		{2EB54D0D-EF4C-4D29-AA3B-2C2C984A3AF7}.Debug|Any CPU.Build.0 = Debug|Any CPU
		{2EB54D0D-EF4C-4D29-AA3B-2C2C984A3AF7}.Release|Any CPU.ActiveCfg = Release|Any CPU
		{2EB54D0D-EF4C-4D29-AA3B-2C2C984A3AF7}.Release|Any CPU.Build.0 = Release|Any CPU
	EndGlobalSection
	GlobalSection(SolutionProperties) = preSolution
		HideSolutionNode = FALSE
	EndGlobalSection
	GlobalSection(ExtensibilityGlobals) = postSolution
		SolutionGuid = {C9F7ECB1-9850-45DD-9476-54FC2D089CE1}
	EndGlobalSection
EndGlobal
